// !$*UTF8*$!
{
	archiveVersion = 1;
	classes = {
	};
	objectVersion = 56;
	objects = {

/* Begin PBXBuildFile section */
		7E3B9F0A2A49C16600EA9557 /* ProfileService.swift in Sources */ = {isa = PBXBuildFile; fileRef = 7E3B9F092A49C16600EA9557 /* ProfileService.swift */; };
		7E42FAEF2A4088B7008C21F5 /* ProgressHUD in Frameworks */ = {isa = PBXBuildFile; productRef = 7E42FAEE2A4088B7008C21F5 /* ProgressHUD */; };
		7E42FAF12A40AF42008C21F5 /* UIBlockingProgressHUD.swift in Sources */ = {isa = PBXBuildFile; fileRef = 7E42FAF02A40AF42008C21F5 /* UIBlockingProgressHUD.swift */; };
		7E70AAEA2A63EE370074101B /* URLRequestBuilder.swift in Sources */ = {isa = PBXBuildFile; fileRef = 7E70AAE92A63EE370074101B /* URLRequestBuilder.swift */; };
		7E70AAEC2A6537F80074101B /* URLSessionExtension.swift in Sources */ = {isa = PBXBuildFile; fileRef = 7E70AAEB2A6537F80074101B /* URLSessionExtension.swift */; };
		7E70AAEE2A6541D30074101B /* OAuthTokenResponseBody.swift in Sources */ = {isa = PBXBuildFile; fileRef = 7E70AAED2A6541D30074101B /* OAuthTokenResponseBody.swift */; };
		7E70AAF02A6542840074101B /* ProfileImageService.swift in Sources */ = {isa = PBXBuildFile; fileRef = 7E70AAEF2A6542840074101B /* ProfileImageService.swift */; };
		7E70AAF42A6556B30074101B /* AlertPresenter.swift in Sources */ = {isa = PBXBuildFile; fileRef = 7E70AAF32A6556B30074101B /* AlertPresenter.swift */; };
		7E70AAF72A656C8F0074101B /* Kingfisher in Frameworks */ = {isa = PBXBuildFile; productRef = 7E70AAF62A656C8F0074101B /* Kingfisher */; };
		7E70AAFA2A658AA40074101B /* SwiftKeychainWrapper in Frameworks */ = {isa = PBXBuildFile; productRef = 7E70AAF92A658AA40074101B /* SwiftKeychainWrapper */; };
		7E70AAFC2A66A6DB0074101B /* TabBarController.swift in Sources */ = {isa = PBXBuildFile; fileRef = 7E70AAFB2A66A6DB0074101B /* TabBarController.swift */; };
		7E7D2AF12A28B91000788F58 /* Constants.swift in Sources */ = {isa = PBXBuildFile; fileRef = 7E7D2AF02A28B91000788F58 /* Constants.swift */; };
		7E7D2AF32A2A0FC600788F58 /* AuthViewController.swift in Sources */ = {isa = PBXBuildFile; fileRef = 7E7D2AF22A2A0FC600788F58 /* AuthViewController.swift */; };
		7E7D2AF62A2A148900788F58 /* WebViewViewController.swift in Sources */ = {isa = PBXBuildFile; fileRef = 7E7D2AF52A2A148900788F58 /* WebViewViewController.swift */; };
		7EB406112A0FF91B00367BBA /* ImagesListCell.swift in Sources */ = {isa = PBXBuildFile; fileRef = 7EB406102A0FF91B00367BBA /* ImagesListCell.swift */; };
		7EBC43D12A388148005AE572 /* SplashViewController.swift in Sources */ = {isa = PBXBuildFile; fileRef = 7EBC43D02A388148005AE572 /* SplashViewController.swift */; };
		7EC061AF2A078BE700C976E3 /* AppDelegate.swift in Sources */ = {isa = PBXBuildFile; fileRef = 7EC061AE2A078BE700C976E3 /* AppDelegate.swift */; };
		7EC061B12A078BE700C976E3 /* SceneDelegate.swift in Sources */ = {isa = PBXBuildFile; fileRef = 7EC061B02A078BE700C976E3 /* SceneDelegate.swift */; };
		7EC061B32A078BE700C976E3 /* ImagesListViewController.swift in Sources */ = {isa = PBXBuildFile; fileRef = 7EC061B22A078BE700C976E3 /* ImagesListViewController.swift */; };
		7EC061B62A078BE700C976E3 /* Main.storyboard in Resources */ = {isa = PBXBuildFile; fileRef = 7EC061B42A078BE700C976E3 /* Main.storyboard */; };
		7EC061B82A078BE800C976E3 /* Assets.xcassets in Resources */ = {isa = PBXBuildFile; fileRef = 7EC061B72A078BE800C976E3 /* Assets.xcassets */; };
		7EC061BB2A078BE800C976E3 /* LaunchScreen.storyboard in Resources */ = {isa = PBXBuildFile; fileRef = 7EC061B92A078BE800C976E3 /* LaunchScreen.storyboard */; };
		7EEE418A2A4C564E00684351 /* ProfileStructures.swift in Sources */ = {isa = PBXBuildFile; fileRef = 7EEE41892A4C564E00684351 /* ProfileStructures.swift */; };
		7EF45AE02A164A0700A45411 /* SingleImageViewController.swift in Sources */ = {isa = PBXBuildFile; fileRef = 7EF45ADF2A164A0700A45411 /* SingleImageViewController.swift */; };
		7EFB4EE82A32047B0032044F /* OAuth2Service.swift in Sources */ = {isa = PBXBuildFile; fileRef = 7EFB4EE72A32047B0032044F /* OAuth2Service.swift */; };
		7EFB4EEA2A3210740032044F /* OAuth2TokenStorage.swift in Sources */ = {isa = PBXBuildFile; fileRef = 7EFB4EE92A3210740032044F /* OAuth2TokenStorage.swift */; };
		7EFC63252A12763A00BE57CB /* UIColor+Extensions.swift in Sources */ = {isa = PBXBuildFile; fileRef = 7EFC63242A12763A00BE57CB /* UIColor+Extensions.swift */; };
		7EFC63272A1404AA00BE57CB /* ProfileViewController.swift in Sources */ = {isa = PBXBuildFile; fileRef = 7EFC63262A1404AA00BE57CB /* ProfileViewController.swift */; };
/* End PBXBuildFile section */

/* Begin PBXFileReference section */
		7E3B9F092A49C16600EA9557 /* ProfileService.swift */ = {isa = PBXFileReference; lastKnownFileType = sourcecode.swift; path = ProfileService.swift; sourceTree = "<group>"; };
		7E42FAF02A40AF42008C21F5 /* UIBlockingProgressHUD.swift */ = {isa = PBXFileReference; lastKnownFileType = sourcecode.swift; path = UIBlockingProgressHUD.swift; sourceTree = "<group>"; };
		7E70AAE92A63EE370074101B /* URLRequestBuilder.swift */ = {isa = PBXFileReference; lastKnownFileType = sourcecode.swift; path = URLRequestBuilder.swift; sourceTree = "<group>"; };
		7E70AAEB2A6537F80074101B /* URLSessionExtension.swift */ = {isa = PBXFileReference; lastKnownFileType = sourcecode.swift; path = URLSessionExtension.swift; sourceTree = "<group>"; };
		7E70AAED2A6541D30074101B /* OAuthTokenResponseBody.swift */ = {isa = PBXFileReference; lastKnownFileType = sourcecode.swift; path = OAuthTokenResponseBody.swift; sourceTree = "<group>"; };
		7E70AAEF2A6542840074101B /* ProfileImageService.swift */ = {isa = PBXFileReference; lastKnownFileType = sourcecode.swift; path = ProfileImageService.swift; sourceTree = "<group>"; };
		7E70AAF32A6556B30074101B /* AlertPresenter.swift */ = {isa = PBXFileReference; lastKnownFileType = sourcecode.swift; path = AlertPresenter.swift; sourceTree = "<group>"; };
		7E70AAFB2A66A6DB0074101B /* TabBarController.swift */ = {isa = PBXFileReference; lastKnownFileType = sourcecode.swift; path = TabBarController.swift; sourceTree = "<group>"; };
		7E7D2AF02A28B91000788F58 /* Constants.swift */ = {isa = PBXFileReference; lastKnownFileType = sourcecode.swift; path = Constants.swift; sourceTree = "<group>"; };
		7E7D2AF22A2A0FC600788F58 /* AuthViewController.swift */ = {isa = PBXFileReference; lastKnownFileType = sourcecode.swift; path = AuthViewController.swift; sourceTree = "<group>"; };
		7E7D2AF52A2A148900788F58 /* WebViewViewController.swift */ = {isa = PBXFileReference; lastKnownFileType = sourcecode.swift; path = WebViewViewController.swift; sourceTree = "<group>"; };
		7EB406102A0FF91B00367BBA /* ImagesListCell.swift */ = {isa = PBXFileReference; lastKnownFileType = sourcecode.swift; path = ImagesListCell.swift; sourceTree = "<group>"; };
		7EBC43D02A388148005AE572 /* SplashViewController.swift */ = {isa = PBXFileReference; lastKnownFileType = sourcecode.swift; path = SplashViewController.swift; sourceTree = "<group>"; };
		7EC061AB2A078BE700C976E3 /* ImageFeed.app */ = {isa = PBXFileReference; explicitFileType = wrapper.application; includeInIndex = 0; path = ImageFeed.app; sourceTree = BUILT_PRODUCTS_DIR; };
		7EC061AE2A078BE700C976E3 /* AppDelegate.swift */ = {isa = PBXFileReference; lastKnownFileType = sourcecode.swift; path = AppDelegate.swift; sourceTree = "<group>"; };
		7EC061B02A078BE700C976E3 /* SceneDelegate.swift */ = {isa = PBXFileReference; lastKnownFileType = sourcecode.swift; path = SceneDelegate.swift; sourceTree = "<group>"; };
		7EC061B22A078BE700C976E3 /* ImagesListViewController.swift */ = {isa = PBXFileReference; lastKnownFileType = sourcecode.swift; path = ImagesListViewController.swift; sourceTree = "<group>"; };
		7EC061B52A078BE700C976E3 /* Base */ = {isa = PBXFileReference; lastKnownFileType = file.storyboard; name = Base; path = Base.lproj/Main.storyboard; sourceTree = "<group>"; };
		7EC061B72A078BE800C976E3 /* Assets.xcassets */ = {isa = PBXFileReference; lastKnownFileType = folder.assetcatalog; path = Assets.xcassets; sourceTree = "<group>"; };
		7EC061BA2A078BE800C976E3 /* Base */ = {isa = PBXFileReference; lastKnownFileType = file.storyboard; name = Base; path = Base.lproj/LaunchScreen.storyboard; sourceTree = "<group>"; };
		7EC061BC2A078BE800C976E3 /* Info.plist */ = {isa = PBXFileReference; lastKnownFileType = text.plist.xml; path = Info.plist; sourceTree = "<group>"; };
		7EEE41892A4C564E00684351 /* ProfileStructures.swift */ = {isa = PBXFileReference; lastKnownFileType = sourcecode.swift; path = ProfileStructures.swift; sourceTree = "<group>"; };
		7EF45ADF2A164A0700A45411 /* SingleImageViewController.swift */ = {isa = PBXFileReference; lastKnownFileType = sourcecode.swift; path = SingleImageViewController.swift; sourceTree = "<group>"; };
		7EFB4EE72A32047B0032044F /* OAuth2Service.swift */ = {isa = PBXFileReference; lastKnownFileType = sourcecode.swift; path = OAuth2Service.swift; sourceTree = "<group>"; };
		7EFB4EE92A3210740032044F /* OAuth2TokenStorage.swift */ = {isa = PBXFileReference; lastKnownFileType = sourcecode.swift; path = OAuth2TokenStorage.swift; sourceTree = "<group>"; };
		7EFC63242A12763A00BE57CB /* UIColor+Extensions.swift */ = {isa = PBXFileReference; lastKnownFileType = sourcecode.swift; path = "UIColor+Extensions.swift"; sourceTree = "<group>"; };
		7EFC63262A1404AA00BE57CB /* ProfileViewController.swift */ = {isa = PBXFileReference; lastKnownFileType = sourcecode.swift; path = ProfileViewController.swift; sourceTree = "<group>"; };
/* End PBXFileReference section */

/* Begin PBXFrameworksBuildPhase section */
		7EC061A82A078BE700C976E3 /* Frameworks */ = {
			isa = PBXFrameworksBuildPhase;
			buildActionMask = 2147483647;
			files = (
				7E70AAF72A656C8F0074101B /* Kingfisher in Frameworks */,
				7E42FAEF2A4088B7008C21F5 /* ProgressHUD in Frameworks */,
				7E70AAFA2A658AA40074101B /* SwiftKeychainWrapper in Frameworks */,
			);
			runOnlyForDeploymentPostprocessing = 0;
		};
/* End PBXFrameworksBuildPhase section */

/* Begin PBXGroup section */
		7E1B72D02A1B87AD00B7CE68 /* SingleImageView */ = {
			isa = PBXGroup;
			children = (
				7EF45ADF2A164A0700A45411 /* SingleImageViewController.swift */,
			);
			path = SingleImageView;
			sourceTree = "<group>";
		};
		7E3B9F0B2A49C16C00EA9557 /* ProfileService */ = {
			isa = PBXGroup;
			children = (
				7E3B9F092A49C16600EA9557 /* ProfileService.swift */,
				7EEE41892A4C564E00684351 /* ProfileStructures.swift */,
				7E70AAEF2A6542840074101B /* ProfileImageService.swift */,
			);
			path = ProfileService;
			sourceTree = "<group>";
		};
		7E42FAF22A40AF4B008C21F5 /* UIBlockingProgressHUD */ = {
			isa = PBXGroup;
			children = (
				7E42FAF02A40AF42008C21F5 /* UIBlockingProgressHUD.swift */,
			);
			path = UIBlockingProgressHUD;
			sourceTree = "<group>";
		};
		7E7D2AF42A2A0FDD00788F58 /* AuthViewController */ = {
			isa = PBXGroup;
			children = (
				7E7D2AF22A2A0FC600788F58 /* AuthViewController.swift */,
				7E7D2AF52A2A148900788F58 /* WebViewViewController.swift */,
			);
			path = AuthViewController;
			sourceTree = "<group>";
		};
		7EB406122A0FF96C00367BBA /* ImagesList */ = {
			isa = PBXGroup;
			children = (
				7EC061B22A078BE700C976E3 /* ImagesListViewController.swift */,
				7EB406102A0FF91B00367BBA /* ImagesListCell.swift */,
			);
			path = ImagesList;
			sourceTree = "<group>";
		};
		7EBC43D22A38815E005AE572 /* SplashViewController */ = {
			isa = PBXGroup;
			children = (
				7EBC43D02A388148005AE572 /* SplashViewController.swift */,
			);
			path = SplashViewController;
			sourceTree = "<group>";
		};
		7EC061A22A078BE700C976E3 = {
			isa = PBXGroup;
			children = (
				7EC061AD2A078BE700C976E3 /* ImageFeed */,
				7EC061AC2A078BE700C976E3 /* Products */,
			);
			sourceTree = "<group>";
		};
		7EC061AC2A078BE700C976E3 /* Products */ = {
			isa = PBXGroup;
			children = (
				7EC061AB2A078BE700C976E3 /* ImageFeed.app */,
			);
			name = Products;
			sourceTree = "<group>";
		};
		7EC061AD2A078BE700C976E3 /* ImageFeed */ = {
			isa = PBXGroup;
			children = (
				7EC061AE2A078BE700C976E3 /* AppDelegate.swift */,
				7EC061B02A078BE700C976E3 /* SceneDelegate.swift */,
				7E7D2AF02A28B91000788F58 /* Constants.swift */,
				7EB406122A0FF96C00367BBA /* ImagesList */,
				7EFC63282A14089700BE57CB /* ProfileViewController */,
				7E1B72D02A1B87AD00B7CE68 /* SingleImageView */,
				7E7D2AF42A2A0FDD00788F58 /* AuthViewController */,
				7EBC43D22A38815E005AE572 /* SplashViewController */,
				7EFB4EEB2A3210810032044F /* 0Auth */,
				7E3B9F0B2A49C16C00EA9557 /* ProfileService */,
				7E42FAF22A40AF4B008C21F5 /* UIBlockingProgressHUD */,
				7EFC63232A1275F700BE57CB /* Helpers */,
				7EC061B42A078BE700C976E3 /* Main.storyboard */,
				7EC061B72A078BE800C976E3 /* Assets.xcassets */,
				7EC061B92A078BE800C976E3 /* LaunchScreen.storyboard */,
				7EC061BC2A078BE800C976E3 /* Info.plist */,
			);
			path = ImageFeed;
			sourceTree = "<group>";
		};
		7EFB4EEB2A3210810032044F /* 0Auth */ = {
			isa = PBXGroup;
			children = (
				7EFB4EE72A32047B0032044F /* OAuth2Service.swift */,
				7EFB4EE92A3210740032044F /* OAuth2TokenStorage.swift */,
				7E70AAED2A6541D30074101B /* OAuthTokenResponseBody.swift */,
				7E70AAE92A63EE370074101B /* URLRequestBuilder.swift */,
				7E70AAEB2A6537F80074101B /* URLSessionExtension.swift */,
			);
			path = 0Auth;
			sourceTree = "<group>";
		};
		7EFC63232A1275F700BE57CB /* Helpers */ = {
			isa = PBXGroup;
			children = (
				7EFC63242A12763A00BE57CB /* UIColor+Extensions.swift */,
				7E70AAF32A6556B30074101B /* AlertPresenter.swift */,
			);
			path = Helpers;
			sourceTree = "<group>";
		};
		7EFC63282A14089700BE57CB /* ProfileViewController */ = {
			isa = PBXGroup;
			children = (
				7EFC63262A1404AA00BE57CB /* ProfileViewController.swift */,
				7E70AAFB2A66A6DB0074101B /* TabBarController.swift */,
			);
			path = ProfileViewController;
			sourceTree = "<group>";
		};
/* End PBXGroup section */

/* Begin PBXNativeTarget section */
		7EC061AA2A078BE700C976E3 /* ImageFeed */ = {
			isa = PBXNativeTarget;
			buildConfigurationList = 7EC061BF2A078BE800C976E3 /* Build configuration list for PBXNativeTarget "ImageFeed" */;
			buildPhases = (
				7EC061A72A078BE700C976E3 /* Sources */,
				7EC061A82A078BE700C976E3 /* Frameworks */,
				7EC061A92A078BE700C976E3 /* Resources */,
			);
			buildRules = (
			);
			dependencies = (
			);
			name = ImageFeed;
			packageProductDependencies = (
				7E42FAEE2A4088B7008C21F5 /* ProgressHUD */,
				7E70AAF62A656C8F0074101B /* Kingfisher */,
				7E70AAF92A658AA40074101B /* SwiftKeychainWrapper */,
			);
			productName = ImageFeed;
			productReference = 7EC061AB2A078BE700C976E3 /* ImageFeed.app */;
			productType = "com.apple.product-type.application";
		};
/* End PBXNativeTarget section */

/* Begin PBXProject section */
		7EC061A32A078BE700C976E3 /* Project object */ = {
			isa = PBXProject;
			attributes = {
				BuildIndependentTargetsInParallel = 1;
				LastSwiftUpdateCheck = 1430;
				LastUpgradeCheck = 1430;
				TargetAttributes = {
					7EC061AA2A078BE700C976E3 = {
						CreatedOnToolsVersion = 14.3;
					};
				};
			};
			buildConfigurationList = 7EC061A62A078BE700C976E3 /* Build configuration list for PBXProject "ImageFeed" */;
			compatibilityVersion = "Xcode 14.0";
			developmentRegion = en;
			hasScannedForEncodings = 0;
			knownRegions = (
				en,
				Base,
			);
			mainGroup = 7EC061A22A078BE700C976E3;
			packageReferences = (
				7E42FAED2A4088B7008C21F5 /* XCRemoteSwiftPackageReference "ProgressHUD" */,
				7E70AAF52A656C8F0074101B /* XCRemoteSwiftPackageReference "Kingfisher" */,
				7E70AAF82A658AA40074101B /* XCRemoteSwiftPackageReference "SwiftKeychainWrapper" */,
			);
			productRefGroup = 7EC061AC2A078BE700C976E3 /* Products */;
			projectDirPath = "";
			projectRoot = "";
			targets = (
				7EC061AA2A078BE700C976E3 /* ImageFeed */,
			);
		};
/* End PBXProject section */

/* Begin PBXResourcesBuildPhase section */
		7EC061A92A078BE700C976E3 /* Resources */ = {
			isa = PBXResourcesBuildPhase;
			buildActionMask = 2147483647;
			files = (
				7EC061BB2A078BE800C976E3 /* LaunchScreen.storyboard in Resources */,
				7EC061B82A078BE800C976E3 /* Assets.xcassets in Resources */,
				7EC061B62A078BE700C976E3 /* Main.storyboard in Resources */,
			);
			runOnlyForDeploymentPostprocessing = 0;
		};
/* End PBXResourcesBuildPhase section */

/* Begin PBXSourcesBuildPhase section */
		7EC061A72A078BE700C976E3 /* Sources */ = {
			isa = PBXSourcesBuildPhase;
			buildActionMask = 2147483647;
			files = (
				7EFB4EEA2A3210740032044F /* OAuth2TokenStorage.swift in Sources */,
				7E7D2AF62A2A148900788F58 /* WebViewViewController.swift in Sources */,
				7EFC63272A1404AA00BE57CB /* ProfileViewController.swift in Sources */,
				7EC061B32A078BE700C976E3 /* ImagesListViewController.swift in Sources */,
				7EFC63252A12763A00BE57CB /* UIColor+Extensions.swift in Sources */,
				7EFB4EE82A32047B0032044F /* OAuth2Service.swift in Sources */,
				7EBC43D12A388148005AE572 /* SplashViewController.swift in Sources */,
				7EEE418A2A4C564E00684351 /* ProfileStructures.swift in Sources */,
				7E70AAF42A6556B30074101B /* AlertPresenter.swift in Sources */,
				7EF45AE02A164A0700A45411 /* SingleImageViewController.swift in Sources */,
				7E70AAEE2A6541D30074101B /* OAuthTokenResponseBody.swift in Sources */,
				7EB406112A0FF91B00367BBA /* ImagesListCell.swift in Sources */,
				7EC061AF2A078BE700C976E3 /* AppDelegate.swift in Sources */,
				7E70AAFC2A66A6DB0074101B /* TabBarController.swift in Sources */,
				7EC061B12A078BE700C976E3 /* SceneDelegate.swift in Sources */,
				7E70AAEA2A63EE370074101B /* URLRequestBuilder.swift in Sources */,
				7E7D2AF32A2A0FC600788F58 /* AuthViewController.swift in Sources */,
				7E70AAEC2A6537F80074101B /* URLSessionExtension.swift in Sources */,
				7E7D2AF12A28B91000788F58 /* Constants.swift in Sources */,
				7E70AAF02A6542840074101B /* ProfileImageService.swift in Sources */,
				7E42FAF12A40AF42008C21F5 /* UIBlockingProgressHUD.swift in Sources */,
				7E3B9F0A2A49C16600EA9557 /* ProfileService.swift in Sources */,
			);
			runOnlyForDeploymentPostprocessing = 0;
		};
/* End PBXSourcesBuildPhase section */

/* Begin PBXVariantGroup section */
		7EC061B42A078BE700C976E3 /* Main.storyboard */ = {
			isa = PBXVariantGroup;
			children = (
				7EC061B52A078BE700C976E3 /* Base */,
			);
			name = Main.storyboard;
			sourceTree = "<group>";
		};
		7EC061B92A078BE800C976E3 /* LaunchScreen.storyboard */ = {
			isa = PBXVariantGroup;
			children = (
				7EC061BA2A078BE800C976E3 /* Base */,
			);
			name = LaunchScreen.storyboard;
			sourceTree = "<group>";
		};
/* End PBXVariantGroup section */

/* Begin XCBuildConfiguration section */
		7EC061BD2A078BE800C976E3 /* Debug */ = {
			isa = XCBuildConfiguration;
			buildSettings = {
				ALWAYS_SEARCH_USER_PATHS = NO;
				CLANG_ANALYZER_NONNULL = YES;
				CLANG_ANALYZER_NUMBER_OBJECT_CONVERSION = YES_AGGRESSIVE;
				CLANG_CXX_LANGUAGE_STANDARD = "gnu++20";
				CLANG_ENABLE_MODULES = YES;
				CLANG_ENABLE_OBJC_ARC = YES;
				CLANG_ENABLE_OBJC_WEAK = YES;
				CLANG_WARN_BLOCK_CAPTURE_AUTORELEASING = YES;
				CLANG_WARN_BOOL_CONVERSION = YES;
				CLANG_WARN_COMMA = YES;
				CLANG_WARN_CONSTANT_CONVERSION = YES;
				CLANG_WARN_DEPRECATED_OBJC_IMPLEMENTATIONS = YES;
				CLANG_WARN_DIRECT_OBJC_ISA_USAGE = YES_ERROR;
				CLANG_WARN_DOCUMENTATION_COMMENTS = YES;
				CLANG_WARN_EMPTY_BODY = YES;
				CLANG_WARN_ENUM_CONVERSION = YES;
				CLANG_WARN_INFINITE_RECURSION = YES;
				CLANG_WARN_INT_CONVERSION = YES;
				CLANG_WARN_NON_LITERAL_NULL_CONVERSION = YES;
				CLANG_WARN_OBJC_IMPLICIT_RETAIN_SELF = YES;
				CLANG_WARN_OBJC_LITERAL_CONVERSION = YES;
				CLANG_WARN_OBJC_ROOT_CLASS = YES_ERROR;
				CLANG_WARN_QUOTED_INCLUDE_IN_FRAMEWORK_HEADER = YES;
				CLANG_WARN_RANGE_LOOP_ANALYSIS = YES;
				CLANG_WARN_STRICT_PROTOTYPES = YES;
				CLANG_WARN_SUSPICIOUS_MOVE = YES;
				CLANG_WARN_UNGUARDED_AVAILABILITY = YES_AGGRESSIVE;
				CLANG_WARN_UNREACHABLE_CODE = YES;
				CLANG_WARN__DUPLICATE_METHOD_MATCH = YES;
				COPY_PHASE_STRIP = NO;
				DEBUG_INFORMATION_FORMAT = dwarf;
				ENABLE_STRICT_OBJC_MSGSEND = YES;
				ENABLE_TESTABILITY = YES;
				GCC_C_LANGUAGE_STANDARD = gnu11;
				GCC_DYNAMIC_NO_PIC = NO;
				GCC_NO_COMMON_BLOCKS = YES;
				GCC_OPTIMIZATION_LEVEL = 0;
				GCC_PREPROCESSOR_DEFINITIONS = (
					"DEBUG=1",
					"$(inherited)",
				);
				GCC_WARN_64_TO_32_BIT_CONVERSION = YES;
				GCC_WARN_ABOUT_RETURN_TYPE = YES_ERROR;
				GCC_WARN_UNDECLARED_SELECTOR = YES;
				GCC_WARN_UNINITIALIZED_AUTOS = YES_AGGRESSIVE;
				GCC_WARN_UNUSED_FUNCTION = YES;
				GCC_WARN_UNUSED_VARIABLE = YES;
				IPHONEOS_DEPLOYMENT_TARGET = 16.4;
				MTL_ENABLE_DEBUG_INFO = INCLUDE_SOURCE;
				MTL_FAST_MATH = YES;
				ONLY_ACTIVE_ARCH = YES;
				SDKROOT = iphoneos;
				SWIFT_ACTIVE_COMPILATION_CONDITIONS = DEBUG;
				SWIFT_OPTIMIZATION_LEVEL = "-Onone";
			};
			name = Debug;
		};
		7EC061BE2A078BE800C976E3 /* Release */ = {
			isa = XCBuildConfiguration;
			buildSettings = {
				ALWAYS_SEARCH_USER_PATHS = NO;
				CLANG_ANALYZER_NONNULL = YES;
				CLANG_ANALYZER_NUMBER_OBJECT_CONVERSION = YES_AGGRESSIVE;
				CLANG_CXX_LANGUAGE_STANDARD = "gnu++20";
				CLANG_ENABLE_MODULES = YES;
				CLANG_ENABLE_OBJC_ARC = YES;
				CLANG_ENABLE_OBJC_WEAK = YES;
				CLANG_WARN_BLOCK_CAPTURE_AUTORELEASING = YES;
				CLANG_WARN_BOOL_CONVERSION = YES;
				CLANG_WARN_COMMA = YES;
				CLANG_WARN_CONSTANT_CONVERSION = YES;
				CLANG_WARN_DEPRECATED_OBJC_IMPLEMENTATIONS = YES;
				CLANG_WARN_DIRECT_OBJC_ISA_USAGE = YES_ERROR;
				CLANG_WARN_DOCUMENTATION_COMMENTS = YES;
				CLANG_WARN_EMPTY_BODY = YES;
				CLANG_WARN_ENUM_CONVERSION = YES;
				CLANG_WARN_INFINITE_RECURSION = YES;
				CLANG_WARN_INT_CONVERSION = YES;
				CLANG_WARN_NON_LITERAL_NULL_CONVERSION = YES;
				CLANG_WARN_OBJC_IMPLICIT_RETAIN_SELF = YES;
				CLANG_WARN_OBJC_LITERAL_CONVERSION = YES;
				CLANG_WARN_OBJC_ROOT_CLASS = YES_ERROR;
				CLANG_WARN_QUOTED_INCLUDE_IN_FRAMEWORK_HEADER = YES;
				CLANG_WARN_RANGE_LOOP_ANALYSIS = YES;
				CLANG_WARN_STRICT_PROTOTYPES = YES;
				CLANG_WARN_SUSPICIOUS_MOVE = YES;
				CLANG_WARN_UNGUARDED_AVAILABILITY = YES_AGGRESSIVE;
				CLANG_WARN_UNREACHABLE_CODE = YES;
				CLANG_WARN__DUPLICATE_METHOD_MATCH = YES;
				COPY_PHASE_STRIP = NO;
				DEBUG_INFORMATION_FORMAT = "dwarf-with-dsym";
				ENABLE_NS_ASSERTIONS = NO;
				ENABLE_STRICT_OBJC_MSGSEND = YES;
				GCC_C_LANGUAGE_STANDARD = gnu11;
				GCC_NO_COMMON_BLOCKS = YES;
				GCC_WARN_64_TO_32_BIT_CONVERSION = YES;
				GCC_WARN_ABOUT_RETURN_TYPE = YES_ERROR;
				GCC_WARN_UNDECLARED_SELECTOR = YES;
				GCC_WARN_UNINITIALIZED_AUTOS = YES_AGGRESSIVE;
				GCC_WARN_UNUSED_FUNCTION = YES;
				GCC_WARN_UNUSED_VARIABLE = YES;
				IPHONEOS_DEPLOYMENT_TARGET = 16.4;
				MTL_ENABLE_DEBUG_INFO = NO;
				MTL_FAST_MATH = YES;
				SDKROOT = iphoneos;
				SWIFT_COMPILATION_MODE = wholemodule;
				SWIFT_OPTIMIZATION_LEVEL = "-O";
				VALIDATE_PRODUCT = YES;
			};
			name = Release;
		};
		7EC061C02A078BE800C976E3 /* Debug */ = {
			isa = XCBuildConfiguration;
			buildSettings = {
				ASSETCATALOG_COMPILER_APPICON_NAME = AppIcon;
				ASSETCATALOG_COMPILER_GLOBAL_ACCENT_COLOR_NAME = AccentColor;
				CODE_SIGN_STYLE = Automatic;
				CURRENT_PROJECT_VERSION = 1;
				DEVELOPMENT_TEAM = CCJL5P6CW2;
				GENERATE_INFOPLIST_FILE = YES;
				INFOPLIST_FILE = ImageFeed/Info.plist;
				INFOPLIST_KEY_UIApplicationSupportsIndirectInputEvents = YES;
				INFOPLIST_KEY_UILaunchStoryboardName = LaunchScreen.storyboar;
				INFOPLIST_KEY_UIMainStoryboardFile = Main;
				INFOPLIST_KEY_UIRequiresFullScreen = NO;
				INFOPLIST_KEY_UIStatusBarHidden = NO;
				INFOPLIST_KEY_UIStatusBarStyle = "";
				INFOPLIST_KEY_UISupportedInterfaceOrientations = UIInterfaceOrientationPortrait;
				IPHONEOS_DEPLOYMENT_TARGET = 13.0;
				LD_RUNPATH_SEARCH_PATHS = (
					"$(inherited)",
					"@executable_path/Frameworks",
				);
				MARKETING_VERSION = 1.0;
				PRODUCT_BUNDLE_IDENTIFIER = ru.yandex.practicum.ImageFeed;
				PRODUCT_NAME = "$(TARGET_NAME)";
				SUPPORTED_PLATFORMS = "iphoneos iphonesimulator";
				SUPPORTS_MACCATALYST = NO;
				SUPPORTS_MAC_DESIGNED_FOR_IPHONE_IPAD = YES;
				SWIFT_EMIT_LOC_STRINGS = YES;
				SWIFT_VERSION = 5.0;
				TARGETED_DEVICE_FAMILY = 1;
			};
			name = Debug;
		};
		7EC061C12A078BE800C976E3 /* Release */ = {
			isa = XCBuildConfiguration;
			buildSettings = {
				ASSETCATALOG_COMPILER_APPICON_NAME = AppIcon;
				ASSETCATALOG_COMPILER_GLOBAL_ACCENT_COLOR_NAME = AccentColor;
				CODE_SIGN_STYLE = Automatic;
				CURRENT_PROJECT_VERSION = 1;
				DEVELOPMENT_TEAM = CCJL5P6CW2;
				GENERATE_INFOPLIST_FILE = YES;
				INFOPLIST_FILE = ImageFeed/Info.plist;
				INFOPLIST_KEY_UIApplicationSupportsIndirectInputEvents = YES;
				INFOPLIST_KEY_UILaunchStoryboardName = LaunchScreen.storyboar;
				INFOPLIST_KEY_UIMainStoryboardFile = Main;
				INFOPLIST_KEY_UIRequiresFullScreen = NO;
				INFOPLIST_KEY_UIStatusBarHidden = NO;
				INFOPLIST_KEY_UIStatusBarStyle = "";
				INFOPLIST_KEY_UISupportedInterfaceOrientations = UIInterfaceOrientationPortrait;
				IPHONEOS_DEPLOYMENT_TARGET = 13.0;
				LD_RUNPATH_SEARCH_PATHS = (
					"$(inherited)",
					"@executable_path/Frameworks",
				);
				MARKETING_VERSION = 1.0;
				PRODUCT_BUNDLE_IDENTIFIER = ru.yandex.practicum.ImageFeed;
				PRODUCT_NAME = "$(TARGET_NAME)";
				SUPPORTED_PLATFORMS = "iphoneos iphonesimulator";
				SUPPORTS_MACCATALYST = NO;
				SUPPORTS_MAC_DESIGNED_FOR_IPHONE_IPAD = YES;
				SWIFT_EMIT_LOC_STRINGS = YES;
				SWIFT_VERSION = 5.0;
				TARGETED_DEVICE_FAMILY = 1;
			};
			name = Release;
		};
/* End XCBuildConfiguration section */

/* Begin XCConfigurationList section */
		7EC061A62A078BE700C976E3 /* Build configuration list for PBXProject "ImageFeed" */ = {
			isa = XCConfigurationList;
			buildConfigurations = (
				7EC061BD2A078BE800C976E3 /* Debug */,
				7EC061BE2A078BE800C976E3 /* Release */,
			);
			defaultConfigurationIsVisible = 0;
			defaultConfigurationName = Release;
		};
		7EC061BF2A078BE800C976E3 /* Build configuration list for PBXNativeTarget "ImageFeed" */ = {
			isa = XCConfigurationList;
			buildConfigurations = (
				7EC061C02A078BE800C976E3 /* Debug */,
				7EC061C12A078BE800C976E3 /* Release */,
			);
			defaultConfigurationIsVisible = 0;
			defaultConfigurationName = Release;
		};
/* End XCConfigurationList section */

/* Begin XCRemoteSwiftPackageReference section */
		7E42FAED2A4088B7008C21F5 /* XCRemoteSwiftPackageReference "ProgressHUD" */ = {
			isa = XCRemoteSwiftPackageReference;
			repositoryURL = "https://github.com/relatedcode/ProgressHUD";
			requirement = {
				kind = upToNextMajorVersion;
				minimumVersion = 13.0.0;
			};
		};
		7E70AAF52A656C8F0074101B /* XCRemoteSwiftPackageReference "Kingfisher" */ = {
			isa = XCRemoteSwiftPackageReference;
			repositoryURL = "https://github.com/onevcat/Kingfisher";
			requirement = {
				kind = upToNextMajorVersion;
				minimumVersion = 7.0.0;
			};
		};
		7E70AAF82A658AA40074101B /* XCRemoteSwiftPackageReference "SwiftKeychainWrapper" */ = {
			isa = XCRemoteSwiftPackageReference;
			repositoryURL = "https://github.com/jrendel/SwiftKeychainWrapper";
			requirement = {
				kind = upToNextMajorVersion;
				minimumVersion = 4.0.0;
			};
		};
/* End XCRemoteSwiftPackageReference section */

/* Begin XCSwiftPackageProductDependency section */
		7E42FAEE2A4088B7008C21F5 /* ProgressHUD */ = {
			isa = XCSwiftPackageProductDependency;
			package = 7E42FAED2A4088B7008C21F5 /* XCRemoteSwiftPackageReference "ProgressHUD" */;
			productName = ProgressHUD;
		};
		7E70AAF62A656C8F0074101B /* Kingfisher */ = {
			isa = XCSwiftPackageProductDependency;
			package = 7E70AAF52A656C8F0074101B /* XCRemoteSwiftPackageReference "Kingfisher" */;
			productName = Kingfisher;
		};
		7E70AAF92A658AA40074101B /* SwiftKeychainWrapper */ = {
			isa = XCSwiftPackageProductDependency;
			package = 7E70AAF82A658AA40074101B /* XCRemoteSwiftPackageReference "SwiftKeychainWrapper" */;
			productName = SwiftKeychainWrapper;
		};
/* End XCSwiftPackageProductDependency section */
	};
	rootObject = 7EC061A32A078BE700C976E3 /* Project object */;
}
